github.com/google/uuid v1.3.0 h1:t6JiXgmwXMjEs8VusXIJk2BXHsn+wx8BZdTaoZ5fu7I=
github.com/google/uuid v1.3.0/go.mod h1:TIyPZe4MgqvfeYDBFedMoGGpEw/LqOeaOT+nhxU+yHo=
github.com/smw1218/sskiplist v0.0.0-20220204142850-a009622ce7bb h1:hn7JkVQ3E83YlvXc60/Cdc88fRQyfQMoAIPzrvlQpos=
github.com/smw1218/sskiplist v0.0.0-20220204142850-a009622ce7bb/go.mod h1:OTtLX8mW8c1ixHnckfi23CMWaGwXzTqNCeARJ7zrFiY=
